// !$*UTF8*$!
{
	archiveVersion = 1;
	classes = {
	};
	objectVersion = 55;
	objects = {

/* Begin PBXBuildFile section */
		43C7AB732872C17F009572A0 /* AppDelegate.swift in Sources */ = {isa = PBXBuildFile; fileRef = 43C7AB722872C17F009572A0 /* AppDelegate.swift */; };
		43C7AB752872C17F009572A0 /* SceneDelegate.swift in Sources */ = {isa = PBXBuildFile; fileRef = 43C7AB742872C17F009572A0 /* SceneDelegate.swift */; };
		43C7AB772872C17F009572A0 /* ViewController.swift in Sources */ = {isa = PBXBuildFile; fileRef = 43C7AB762872C17F009572A0 /* ViewController.swift */; };
		43C7AB7A2872C17F009572A0 /* Main.storyboard in Resources */ = {isa = PBXBuildFile; fileRef = 43C7AB782872C17F009572A0 /* Main.storyboard */; };
		43C7AB7C2872C180009572A0 /* Assets.xcassets in Resources */ = {isa = PBXBuildFile; fileRef = 43C7AB7B2872C180009572A0 /* Assets.xcassets */; };
		43C7AB7F2872C180009572A0 /* LaunchScreen.storyboard in Resources */ = {isa = PBXBuildFile; fileRef = 43C7AB7D2872C180009572A0 /* LaunchScreen.storyboard */; };
		43C7AB8A2872C180009572A0 /* Swift_drawingAppTests.swift in Sources */ = {isa = PBXBuildFile; fileRef = 43C7AB892872C180009572A0 /* Swift_drawingAppTests.swift */; };
		43C7AB942872C180009572A0 /* Swift_drawingAppUITests.swift in Sources */ = {isa = PBXBuildFile; fileRef = 43C7AB932872C180009572A0 /* Swift_drawingAppUITests.swift */; };
		43C7AB962872C180009572A0 /* Swift_drawingAppUITestsLaunchTests.swift in Sources */ = {isa = PBXBuildFile; fileRef = 43C7AB952872C180009572A0 /* Swift_drawingAppUITestsLaunchTests.swift */; };
/* End PBXBuildFile section */

/* Begin PBXContainerItemProxy section */
		43C7AB862872C180009572A0 /* PBXContainerItemProxy */ = {
			isa = PBXContainerItemProxy;
			containerPortal = 43C7AB672872C17F009572A0 /* Project object */;
			proxyType = 1;
			remoteGlobalIDString = 43C7AB6E2872C17F009572A0;
			remoteInfo = "Swift-drawingApp";
		};
		43C7AB902872C180009572A0 /* PBXContainerItemProxy */ = {
			isa = PBXContainerItemProxy;
			containerPortal = 43C7AB672872C17F009572A0 /* Project object */;
			proxyType = 1;
			remoteGlobalIDString = 43C7AB6E2872C17F009572A0;
			remoteInfo = "Swift-drawingApp";
		};
/* End PBXContainerItemProxy section */

/* Begin PBXFileReference section */
		43C7AB6F2872C17F009572A0 /* Swift-drawingApp.app */ = {isa = PBXFileReference; explicitFileType = wrapper.application; includeInIndex = 0; path = "Swift-drawingApp.app"; sourceTree = BUILT_PRODUCTS_DIR; };
		43C7AB722872C17F009572A0 /* AppDelegate.swift */ = {isa = PBXFileReference; lastKnownFileType = sourcecode.swift; path = AppDelegate.swift; sourceTree = "<group>"; };
		43C7AB742872C17F009572A0 /* SceneDelegate.swift */ = {isa = PBXFileReference; lastKnownFileType = sourcecode.swift; path = SceneDelegate.swift; sourceTree = "<group>"; };
		43C7AB762872C17F009572A0 /* ViewController.swift */ = {isa = PBXFileReference; lastKnownFileType = sourcecode.swift; path = ViewController.swift; sourceTree = "<group>"; };
		43C7AB792872C17F009572A0 /* Base */ = {isa = PBXFileReference; lastKnownFileType = file.storyboard; name = Base; path = Base.lproj/Main.storyboard; sourceTree = "<group>"; };
		43C7AB7B2872C180009572A0 /* Assets.xcassets */ = {isa = PBXFileReference; lastKnownFileType = folder.assetcatalog; path = Assets.xcassets; sourceTree = "<group>"; };
		43C7AB7E2872C180009572A0 /* Base */ = {isa = PBXFileReference; lastKnownFileType = file.storyboard; name = Base; path = Base.lproj/LaunchScreen.storyboard; sourceTree = "<group>"; };
		43C7AB802872C180009572A0 /* Info.plist */ = {isa = PBXFileReference; lastKnownFileType = text.plist.xml; path = Info.plist; sourceTree = "<group>"; };
		43C7AB852872C180009572A0 /* Swift-drawingAppTests.xctest */ = {isa = PBXFileReference; explicitFileType = wrapper.cfbundle; includeInIndex = 0; path = "Swift-drawingAppTests.xctest"; sourceTree = BUILT_PRODUCTS_DIR; };
		43C7AB892872C180009572A0 /* Swift_drawingAppTests.swift */ = {isa = PBXFileReference; lastKnownFileType = sourcecode.swift; path = Swift_drawingAppTests.swift; sourceTree = "<group>"; };
		43C7AB8F2872C180009572A0 /* Swift-drawingAppUITests.xctest */ = {isa = PBXFileReference; explicitFileType = wrapper.cfbundle; includeInIndex = 0; path = "Swift-drawingAppUITests.xctest"; sourceTree = BUILT_PRODUCTS_DIR; };
		43C7AB932872C180009572A0 /* Swift_drawingAppUITests.swift */ = {isa = PBXFileReference; lastKnownFileType = sourcecode.swift; path = Swift_drawingAppUITests.swift; sourceTree = "<group>"; };
		43C7AB952872C180009572A0 /* Swift_drawingAppUITestsLaunchTests.swift */ = {isa = PBXFileReference; lastKnownFileType = sourcecode.swift; path = Swift_drawingAppUITestsLaunchTests.swift; sourceTree = "<group>"; };
/* End PBXFileReference section */

/* Begin PBXFrameworksBuildPhase section */
		43C7AB6C2872C17F009572A0 /* Frameworks */ = {
			isa = PBXFrameworksBuildPhase;
			buildActionMask = 2147483647;
			files = (
			);
			runOnlyForDeploymentPostprocessing = 0;
		};
		43C7AB822872C180009572A0 /* Frameworks */ = {
			isa = PBXFrameworksBuildPhase;
			buildActionMask = 2147483647;
			files = (
			);
			runOnlyForDeploymentPostprocessing = 0;
		};
		43C7AB8C2872C180009572A0 /* Frameworks */ = {
			isa = PBXFrameworksBuildPhase;
			buildActionMask = 2147483647;
			files = (
			);
			runOnlyForDeploymentPostprocessing = 0;
		};
/* End PBXFrameworksBuildPhase section */

/* Begin PBXGroup section */
		43C7AB662872C17F009572A0 = {
			isa = PBXGroup;
			children = (
				43C7AB712872C17F009572A0 /* Swift-drawingApp */,
				43C7AB882872C180009572A0 /* Swift-drawingAppTests */,
				43C7AB922872C180009572A0 /* Swift-drawingAppUITests */,
				43C7AB702872C17F009572A0 /* Products */,
			);
			sourceTree = "<group>";
		};
		43C7AB702872C17F009572A0 /* Products */ = {
			isa = PBXGroup;
			children = (
				43C7AB6F2872C17F009572A0 /* Swift-drawingApp.app */,
				43C7AB852872C180009572A0 /* Swift-drawingAppTests.xctest */,
				43C7AB8F2872C180009572A0 /* Swift-drawingAppUITests.xctest */,
			);
			name = Products;
			sourceTree = "<group>";
		};
		43C7AB712872C17F009572A0 /* Swift-drawingApp */ = {
			isa = PBXGroup;
			children = (
				43C7AB722872C17F009572A0 /* AppDelegate.swift */,
				43C7AB742872C17F009572A0 /* SceneDelegate.swift */,
				43C7AB762872C17F009572A0 /* ViewController.swift */,
				43C7AB782872C17F009572A0 /* Main.storyboard */,
				43C7AB7B2872C180009572A0 /* Assets.xcassets */,
				43C7AB7D2872C180009572A0 /* LaunchScreen.storyboard */,
				43C7AB802872C180009572A0 /* Info.plist */,
			);
			path = "Swift-drawingApp";
			sourceTree = "<group>";
		};
		43C7AB882872C180009572A0 /* Swift-drawingAppTests */ = {
			isa = PBXGroup;
			children = (
				43C7AB892872C180009572A0 /* Swift_drawingAppTests.swift */,
			);
			path = "Swift-drawingAppTests";
			sourceTree = "<group>";
		};
		43C7AB922872C180009572A0 /* Swift-drawingAppUITests */ = {
			isa = PBXGroup;
			children = (
				43C7AB932872C180009572A0 /* Swift_drawingAppUITests.swift */,
				43C7AB952872C180009572A0 /* Swift_drawingAppUITestsLaunchTests.swift */,
			);
			path = "Swift-drawingAppUITests";
			sourceTree = "<group>";
		};
/* End PBXGroup section */

/* Begin PBXNativeTarget section */
		43C7AB6E2872C17F009572A0 /* Swift-drawingApp */ = {
			isa = PBXNativeTarget;
			buildConfigurationList = 43C7AB992872C180009572A0 /* Build configuration list for PBXNativeTarget "Swift-drawingApp" */;
			buildPhases = (
				43C7AB6B2872C17F009572A0 /* Sources */,
				43C7AB6C2872C17F009572A0 /* Frameworks */,
				43C7AB6D2872C17F009572A0 /* Resources */,
			);
			buildRules = (
			);
			dependencies = (
			);
			name = "Swift-drawingApp";
			productName = "Swift-drawingApp";
			productReference = 43C7AB6F2872C17F009572A0 /* Swift-drawingApp.app */;
			productType = "com.apple.product-type.application";
		};
		43C7AB842872C180009572A0 /* Swift-drawingAppTests */ = {
			isa = PBXNativeTarget;
			buildConfigurationList = 43C7AB9C2872C180009572A0 /* Build configuration list for PBXNativeTarget "Swift-drawingAppTests" */;
			buildPhases = (
				43C7AB812872C180009572A0 /* Sources */,
				43C7AB822872C180009572A0 /* Frameworks */,
				43C7AB832872C180009572A0 /* Resources */,
			);
			buildRules = (
			);
			dependencies = (
				43C7AB872872C180009572A0 /* PBXTargetDependency */,
			);
			name = "Swift-drawingAppTests";
			productName = "Swift-drawingAppTests";
			productReference = 43C7AB852872C180009572A0 /* Swift-drawingAppTests.xctest */;
			productType = "com.apple.product-type.bundle.unit-test";
		};
		43C7AB8E2872C180009572A0 /* Swift-drawingAppUITests */ = {
			isa = PBXNativeTarget;
			buildConfigurationList = 43C7AB9F2872C180009572A0 /* Build configuration list for PBXNativeTarget "Swift-drawingAppUITests" */;
			buildPhases = (
				43C7AB8B2872C180009572A0 /* Sources */,
				43C7AB8C2872C180009572A0 /* Frameworks */,
				43C7AB8D2872C180009572A0 /* Resources */,
			);
			buildRules = (
			);
			dependencies = (
				43C7AB912872C180009572A0 /* PBXTargetDependency */,
			);
			name = "Swift-drawingAppUITests";
			productName = "Swift-drawingAppUITests";
			productReference = 43C7AB8F2872C180009572A0 /* Swift-drawingAppUITests.xctest */;
			productType = "com.apple.product-type.bundle.ui-testing";
		};
/* End PBXNativeTarget section */

/* Begin PBXProject section */
		43C7AB672872C17F009572A0 /* Project object */ = {
			isa = PBXProject;
			attributes = {
				BuildIndependentTargetsInParallel = 1;
				LastSwiftUpdateCheck = 1320;
				LastUpgradeCheck = 1320;
				TargetAttributes = {
					43C7AB6E2872C17F009572A0 = {
						CreatedOnToolsVersion = 13.2.1;
					};
					43C7AB842872C180009572A0 = {
						CreatedOnToolsVersion = 13.2.1;
						TestTargetID = 43C7AB6E2872C17F009572A0;
					};
					43C7AB8E2872C180009572A0 = {
						CreatedOnToolsVersion = 13.2.1;
						TestTargetID = 43C7AB6E2872C17F009572A0;
					};
				};
			};
			buildConfigurationList = 43C7AB6A2872C17F009572A0 /* Build configuration list for PBXProject "Swift-drawingApp" */;
			compatibilityVersion = "Xcode 13.0";
			developmentRegion = en;
			hasScannedForEncodings = 0;
			knownRegions = (
				en,
				Base,
			);
			mainGroup = 43C7AB662872C17F009572A0;
			productRefGroup = 43C7AB702872C17F009572A0 /* Products */;
			projectDirPath = "";
			projectRoot = "";
			targets = (
				43C7AB6E2872C17F009572A0 /* Swift-drawingApp */,
				43C7AB842872C180009572A0 /* Swift-drawingAppTests */,
				43C7AB8E2872C180009572A0 /* Swift-drawingAppUITests */,
			);
		};
/* End PBXProject section */

/* Begin PBXResourcesBuildPhase section */
		43C7AB6D2872C17F009572A0 /* Resources */ = {
			isa = PBXResourcesBuildPhase;
			buildActionMask = 2147483647;
			files = (
				43C7AB7F2872C180009572A0 /* LaunchScreen.storyboard in Resources */,
				43C7AB7C2872C180009572A0 /* Assets.xcassets in Resources */,
				43C7AB7A2872C17F009572A0 /* Main.storyboard in Resources */,
			);
			runOnlyForDeploymentPostprocessing = 0;
		};
		43C7AB832872C180009572A0 /* Resources */ = {
			isa = PBXResourcesBuildPhase;
			buildActionMask = 2147483647;
			files = (
			);
			runOnlyForDeploymentPostprocessing = 0;
		};
		43C7AB8D2872C180009572A0 /* Resources */ = {
			isa = PBXResourcesBuildPhase;
			buildActionMask = 2147483647;
			files = (
			);
			runOnlyForDeploymentPostprocessing = 0;
		};
/* End PBXResourcesBuildPhase section */

/* Begin PBXSourcesBuildPhase section */
		43C7AB6B2872C17F009572A0 /* Sources */ = {
			isa = PBXSourcesBuildPhase;
			buildActionMask = 2147483647;
			files = (
				43C7AB772872C17F009572A0 /* ViewController.swift in Sources */,
				43C7AB732872C17F009572A0 /* AppDelegate.swift in Sources */,
				43C7AB752872C17F009572A0 /* SceneDelegate.swift in Sources */,
			);
			runOnlyForDeploymentPostprocessing = 0;
		};
		43C7AB812872C180009572A0 /* Sources */ = {
			isa = PBXSourcesBuildPhase;
			buildActionMask = 2147483647;
			files = (
				43C7AB8A2872C180009572A0 /* Swift_drawingAppTests.swift in Sources */,
			);
			runOnlyForDeploymentPostprocessing = 0;
		};
		43C7AB8B2872C180009572A0 /* Sources */ = {
			isa = PBXSourcesBuildPhase;
			buildActionMask = 2147483647;
			files = (
				43C7AB942872C180009572A0 /* Swift_drawingAppUITests.swift in Sources */,
				43C7AB962872C180009572A0 /* Swift_drawingAppUITestsLaunchTests.swift in Sources */,
			);
			runOnlyForDeploymentPostprocessing = 0;
		};
/* End PBXSourcesBuildPhase section */

/* Begin PBXTargetDependency section */
		43C7AB872872C180009572A0 /* PBXTargetDependency */ = {
			isa = PBXTargetDependency;
			target = 43C7AB6E2872C17F009572A0 /* Swift-drawingApp */;
			targetProxy = 43C7AB862872C180009572A0 /* PBXContainerItemProxy */;
		};
		43C7AB912872C180009572A0 /* PBXTargetDependency */ = {
			isa = PBXTargetDependency;
			target = 43C7AB6E2872C17F009572A0 /* Swift-drawingApp */;
			targetProxy = 43C7AB902872C180009572A0 /* PBXContainerItemProxy */;
		};
/* End PBXTargetDependency section */

/* Begin PBXVariantGroup section */
		43C7AB782872C17F009572A0 /* Main.storyboard */ = {
			isa = PBXVariantGroup;
			children = (
				43C7AB792872C17F009572A0 /* Base */,
			);
			name = Main.storyboard;
			sourceTree = "<group>";
		};
		43C7AB7D2872C180009572A0 /* LaunchScreen.storyboard */ = {
			isa = PBXVariantGroup;
			children = (
				43C7AB7E2872C180009572A0 /* Base */,
			);
			name = LaunchScreen.storyboard;
			sourceTree = "<group>";
		};
/* End PBXVariantGroup section */

/* Begin XCBuildConfiguration section */
		43C7AB972872C180009572A0 /* Debug */ = {
			isa = XCBuildConfiguration;
			buildSettings = {
				ALWAYS_SEARCH_USER_PATHS = NO;
				CLANG_ANALYZER_NONNULL = YES;
				CLANG_ANALYZER_NUMBER_OBJECT_CONVERSION = YES_AGGRESSIVE;
				CLANG_CXX_LANGUAGE_STANDARD = "gnu++17";
				CLANG_CXX_LIBRARY = "libc++";
				CLANG_ENABLE_MODULES = YES;
				CLANG_ENABLE_OBJC_ARC = YES;
				CLANG_ENABLE_OBJC_WEAK = YES;
				CLANG_WARN_BLOCK_CAPTURE_AUTORELEASING = YES;
				CLANG_WARN_BOOL_CONVERSION = YES;
				CLANG_WARN_COMMA = YES;
				CLANG_WARN_CONSTANT_CONVERSION = YES;
				CLANG_WARN_DEPRECATED_OBJC_IMPLEMENTATIONS = YES;
				CLANG_WARN_DIRECT_OBJC_ISA_USAGE = YES_ERROR;
				CLANG_WARN_DOCUMENTATION_COMMENTS = YES;
				CLANG_WARN_EMPTY_BODY = YES;
				CLANG_WARN_ENUM_CONVERSION = YES;
				CLANG_WARN_INFINITE_RECURSION = YES;
				CLANG_WARN_INT_CONVERSION = YES;
				CLANG_WARN_NON_LITERAL_NULL_CONVERSION = YES;
				CLANG_WARN_OBJC_IMPLICIT_RETAIN_SELF = YES;
				CLANG_WARN_OBJC_LITERAL_CONVERSION = YES;
				CLANG_WARN_OBJC_ROOT_CLASS = YES_ERROR;
				CLANG_WARN_QUOTED_INCLUDE_IN_FRAMEWORK_HEADER = YES;
				CLANG_WARN_RANGE_LOOP_ANALYSIS = YES;
				CLANG_WARN_STRICT_PROTOTYPES = YES;
				CLANG_WARN_SUSPICIOUS_MOVE = YES;
				CLANG_WARN_UNGUARDED_AVAILABILITY = YES_AGGRESSIVE;
				CLANG_WARN_UNREACHABLE_CODE = YES;
				CLANG_WARN__DUPLICATE_METHOD_MATCH = YES;
				COPY_PHASE_STRIP = NO;
				DEBUG_INFORMATION_FORMAT = dwarf;
				ENABLE_STRICT_OBJC_MSGSEND = YES;
				ENABLE_TESTABILITY = YES;
				GCC_C_LANGUAGE_STANDARD = gnu11;
				GCC_DYNAMIC_NO_PIC = NO;
				GCC_NO_COMMON_BLOCKS = YES;
				GCC_OPTIMIZATION_LEVEL = 0;
				GCC_PREPROCESSOR_DEFINITIONS = (
					"DEBUG=1",
					"$(inherited)",
				);
				GCC_WARN_64_TO_32_BIT_CONVERSION = YES;
				GCC_WARN_ABOUT_RETURN_TYPE = YES_ERROR;
				GCC_WARN_UNDECLARED_SELECTOR = YES;
				GCC_WARN_UNINITIALIZED_AUTOS = YES_AGGRESSIVE;
				GCC_WARN_UNUSED_FUNCTION = YES;
				GCC_WARN_UNUSED_VARIABLE = YES;
				IPHONEOS_DEPLOYMENT_TARGET = 15.2;
				MTL_ENABLE_DEBUG_INFO = INCLUDE_SOURCE;
				MTL_FAST_MATH = YES;
				ONLY_ACTIVE_ARCH = YES;
				SDKROOT = iphoneos;
				SWIFT_ACTIVE_COMPILATION_CONDITIONS = DEBUG;
				SWIFT_OPTIMIZATION_LEVEL = "-Onone";
			};
			name = Debug;
		};
		43C7AB982872C180009572A0 /* Release */ = {
			isa = XCBuildConfiguration;
			buildSettings = {
				ALWAYS_SEARCH_USER_PATHS = NO;
				CLANG_ANALYZER_NONNULL = YES;
				CLANG_ANALYZER_NUMBER_OBJECT_CONVERSION = YES_AGGRESSIVE;
				CLANG_CXX_LANGUAGE_STANDARD = "gnu++17";
				CLANG_CXX_LIBRARY = "libc++";
				CLANG_ENABLE_MODULES = YES;
				CLANG_ENABLE_OBJC_ARC = YES;
				CLANG_ENABLE_OBJC_WEAK = YES;
				CLANG_WARN_BLOCK_CAPTURE_AUTORELEASING = YES;
				CLANG_WARN_BOOL_CONVERSION = YES;
				CLANG_WARN_COMMA = YES;
				CLANG_WARN_CONSTANT_CONVERSION = YES;
				CLANG_WARN_DEPRECATED_OBJC_IMPLEMENTATIONS = YES;
				CLANG_WARN_DIRECT_OBJC_ISA_USAGE = YES_ERROR;
				CLANG_WARN_DOCUMENTATION_COMMENTS = YES;
				CLANG_WARN_EMPTY_BODY = YES;
				CLANG_WARN_ENUM_CONVERSION = YES;
				CLANG_WARN_INFINITE_RECURSION = YES;
				CLANG_WARN_INT_CONVERSION = YES;
				CLANG_WARN_NON_LITERAL_NULL_CONVERSION = YES;
				CLANG_WARN_OBJC_IMPLICIT_RETAIN_SELF = YES;
				CLANG_WARN_OBJC_LITERAL_CONVERSION = YES;
				CLANG_WARN_OBJC_ROOT_CLASS = YES_ERROR;
				CLANG_WARN_QUOTED_INCLUDE_IN_FRAMEWORK_HEADER = YES;
				CLANG_WARN_RANGE_LOOP_ANALYSIS = YES;
				CLANG_WARN_STRICT_PROTOTYPES = YES;
				CLANG_WARN_SUSPICIOUS_MOVE = YES;
				CLANG_WARN_UNGUARDED_AVAILABILITY = YES_AGGRESSIVE;
				CLANG_WARN_UNREACHABLE_CODE = YES;
				CLANG_WARN__DUPLICATE_METHOD_MATCH = YES;
				COPY_PHASE_STRIP = NO;
				DEBUG_INFORMATION_FORMAT = "dwarf-with-dsym";
				ENABLE_NS_ASSERTIONS = NO;
				ENABLE_STRICT_OBJC_MSGSEND = YES;
				GCC_C_LANGUAGE_STANDARD = gnu11;
				GCC_NO_COMMON_BLOCKS = YES;
				GCC_WARN_64_TO_32_BIT_CONVERSION = YES;
				GCC_WARN_ABOUT_RETURN_TYPE = YES_ERROR;
				GCC_WARN_UNDECLARED_SELECTOR = YES;
				GCC_WARN_UNINITIALIZED_AUTOS = YES_AGGRESSIVE;
				GCC_WARN_UNUSED_FUNCTION = YES;
				GCC_WARN_UNUSED_VARIABLE = YES;
				IPHONEOS_DEPLOYMENT_TARGET = 15.2;
				MTL_ENABLE_DEBUG_INFO = NO;
				MTL_FAST_MATH = YES;
				SDKROOT = iphoneos;
				SWIFT_COMPILATION_MODE = wholemodule;
				SWIFT_OPTIMIZATION_LEVEL = "-O";
				VALIDATE_PRODUCT = YES;
			};
			name = Release;
		};
		43C7AB9A2872C180009572A0 /* Debug */ = {
			isa = XCBuildConfiguration;
			buildSettings = {
				ASSETCATALOG_COMPILER_APPICON_NAME = AppIcon;
				ASSETCATALOG_COMPILER_GLOBAL_ACCENT_COLOR_NAME = AccentColor;
				CODE_SIGN_STYLE = Automatic;
				CURRENT_PROJECT_VERSION = 1;
				GENERATE_INFOPLIST_FILE = YES;
				INFOPLIST_FILE = "Swift-drawingApp/Info.plist";
				INFOPLIST_KEY_UIApplicationSupportsIndirectInputEvents = YES;
				INFOPLIST_KEY_UILaunchStoryboardName = LaunchScreen;
				INFOPLIST_KEY_UIMainStoryboardFile = Main;
				INFOPLIST_KEY_UISupportedInterfaceOrientations_iPad = "UIInterfaceOrientationPortrait UIInterfaceOrientationPortraitUpsideDown UIInterfaceOrientationLandscapeLeft UIInterfaceOrientationLandscapeRight";
				INFOPLIST_KEY_UISupportedInterfaceOrientations_iPhone = "UIInterfaceOrientationPortrait UIInterfaceOrientationLandscapeLeft UIInterfaceOrientationLandscapeRight";
				LD_RUNPATH_SEARCH_PATHS = (
					"$(inherited)",
					"@executable_path/Frameworks",
				);
				MARKETING_VERSION = 1.0;
				PRODUCT_BUNDLE_IDENTIFIER = "herb.salt.Swift-drawingApp";
				PRODUCT_NAME = "$(TARGET_NAME)";
				SWIFT_EMIT_LOC_STRINGS = YES;
				SWIFT_VERSION = 5.0;
				TARGETED_DEVICE_FAMILY = "1,2";
			};
			name = Debug;
		};
		43C7AB9B2872C180009572A0 /* Release */ = {
			isa = XCBuildConfiguration;
			buildSettings = {
				ASSETCATALOG_COMPILER_APPICON_NAME = AppIcon;
				ASSETCATALOG_COMPILER_GLOBAL_ACCENT_COLOR_NAME = AccentColor;
				CODE_SIGN_STYLE = Automatic;
				CURRENT_PROJECT_VERSION = 1;
				GENERATE_INFOPLIST_FILE = YES;
				INFOPLIST_FILE = "Swift-drawingApp/Info.plist";
				INFOPLIST_KEY_UIApplicationSupportsIndirectInputEvents = YES;
				INFOPLIST_KEY_UILaunchStoryboardName = LaunchScreen;
				INFOPLIST_KEY_UIMainStoryboardFile = Main;
				INFOPLIST_KEY_UISupportedInterfaceOrientations_iPad = "UIInterfaceOrientationPortrait UIInterfaceOrientationPortraitUpsideDown UIInterfaceOrientationLandscapeLeft UIInterfaceOrientationLandscapeRight";
				INFOPLIST_KEY_UISupportedInterfaceOrientations_iPhone = "UIInterfaceOrientationPortrait UIInterfaceOrientationLandscapeLeft UIInterfaceOrientationLandscapeRight";
				LD_RUNPATH_SEARCH_PATHS = (
					"$(inherited)",
					"@executable_path/Frameworks",
				);
				MARKETING_VERSION = 1.0;
				PRODUCT_BUNDLE_IDENTIFIER = "herb.salt.Swift-drawingApp";
				PRODUCT_NAME = "$(TARGET_NAME)";
				SWIFT_EMIT_LOC_STRINGS = YES;
				SWIFT_VERSION = 5.0;
				TARGETED_DEVICE_FAMILY = "1,2";
			};
			name = Release;
		};
		43C7AB9D2872C180009572A0 /* Debug */ = {
			isa = XCBuildConfiguration;
			buildSettings = {
				ALWAYS_EMBED_SWIFT_STANDARD_LIBRARIES = YES;
				BUNDLE_LOADER = "$(TEST_HOST)";
				CODE_SIGN_STYLE = Automatic;
				CURRENT_PROJECT_VERSION = 1;
				GENERATE_INFOPLIST_FILE = YES;
				IPHONEOS_DEPLOYMENT_TARGET = 15.2;
				MARKETING_VERSION = 1.0;
				PRODUCT_BUNDLE_IDENTIFIER = "herb.salt.Swift-drawingAppTests";
				PRODUCT_NAME = "$(TARGET_NAME)";
				SWIFT_EMIT_LOC_STRINGS = NO;
				SWIFT_VERSION = 5.0;
				TARGETED_DEVICE_FAMILY = "1,2";
				TEST_HOST = "$(BUILT_PRODUCTS_DIR)/Swift-drawingApp.app/Swift-drawingApp";
			};
			name = Debug;
		};
		43C7AB9E2872C180009572A0 /* Release */ = {
			isa = XCBuildConfiguration;
			buildSettings = {
				ALWAYS_EMBED_SWIFT_STANDARD_LIBRARIES = YES;
				BUNDLE_LOADER = "$(TEST_HOST)";
				CODE_SIGN_STYLE = Automatic;
				CURRENT_PROJECT_VERSION = 1;
				GENERATE_INFOPLIST_FILE = YES;
				IPHONEOS_DEPLOYMENT_TARGET = 15.2;
				MARKETING_VERSION = 1.0;
				PRODUCT_BUNDLE_IDENTIFIER = "herb.salt.Swift-drawingAppTests";
				PRODUCT_NAME = "$(TARGET_NAME)";
				SWIFT_EMIT_LOC_STRINGS = NO;
				SWIFT_VERSION = 5.0;
				TARGETED_DEVICE_FAMILY = "1,2";
				TEST_HOST = "$(BUILT_PRODUCTS_DIR)/Swift-drawingApp.app/Swift-drawingApp";
			};
			name = Release;
		};
		43C7ABA02872C180009572A0 /* Debug */ = {
			isa = XCBuildConfiguration;
			buildSettings = {
				ALWAYS_EMBED_SWIFT_STANDARD_LIBRARIES = YES;
				CODE_SIGN_STYLE = Automatic;
				CURRENT_PROJECT_VERSION = 1;
				GENERATE_INFOPLIST_FILE = YES;
				MARKETING_VERSION = 1.0;
				PRODUCT_BUNDLE_IDENTIFIER = "herb.salt.Swift-drawingAppUITests";
				PRODUCT_NAME = "$(TARGET_NAME)";
				SWIFT_EMIT_LOC_STRINGS = NO;
				SWIFT_VERSION = 5.0;
				TARGETED_DEVICE_FAMILY = "1,2";
				TEST_TARGET_NAME = "Swift-drawingApp";
			};
			name = Debug;
		};
		43C7ABA12872C180009572A0 /* Release */ = {
			isa = XCBuildConfiguration;
			buildSettings = {
				ALWAYS_EMBED_SWIFT_STANDARD_LIBRARIES = YES;
				CODE_SIGN_STYLE = Automatic;
				CURRENT_PROJECT_VERSION = 1;
				GENERATE_INFOPLIST_FILE = YES;
				MARKETING_VERSION = 1.0;
				PRODUCT_BUNDLE_IDENTIFIER = "herb.salt.Swift-drawingAppUITests";
				PRODUCT_NAME = "$(TARGET_NAME)";
				SWIFT_EMIT_LOC_STRINGS = NO;
				SWIFT_VERSION = 5.0;
				TARGETED_DEVICE_FAMILY = "1,2";
				TEST_TARGET_NAME = "Swift-drawingApp";
			};
			name = Release;
		};
/* End XCBuildConfiguration section */

/* Begin XCConfigurationList section */
		43C7AB6A2872C17F009572A0 /* Build configuration list for PBXProject "Swift-drawingApp" */ = {
			isa = XCConfigurationList;
			buildConfigurations = (
				43C7AB972872C180009572A0 /* Debug */,
				43C7AB982872C180009572A0 /* Release */,
			);
			defaultConfigurationIsVisible = 0;
			defaultConfigurationName = Release;
		};
		43C7AB992872C180009572A0 /* Build configuration list for PBXNativeTarget "Swift-drawingApp" */ = {
			isa = XCConfigurationList;
			buildConfigurations = (
				43C7AB9A2872C180009572A0 /* Debug */,
				43C7AB9B2872C180009572A0 /* Release */,
			);
			defaultConfigurationIsVisible = 0;
			defaultConfigurationName = Release;
		};
		43C7AB9C2872C180009572A0 /* Build configuration list for PBXNativeTarget "Swift-drawingAppTests" */ = {
			isa = XCConfigurationList;
			buildConfigurations = (
				43C7AB9D2872C180009572A0 /* Debug */,
				43C7AB9E2872C180009572A0 /* Release */,
			);
			defaultConfigurationIsVisible = 0;
			defaultConfigurationName = Release;
		};
		43C7AB9F2872C180009572A0 /* Build configuration list for PBXNativeTarget "Swift-drawingAppUITests" */ = {
			isa = XCConfigurationList;
			buildConfigurations = (
				43C7ABA02872C180009572A0 /* Debug */,
				43C7ABA12872C180009572A0 /* Release */,
			);
			defaultConfigurationIsVisible = 0;
			defaultConfigurationName = Release;
		};
/* End XCConfigurationList section */
	};
	rootObject = 43C7AB672872C17F009572A0 /* Project object */;
}
